Microsoft Visual Studio Solution File, Format Version 11.00
# Visual Studio 2010
Project("{FAE04EC0-301F-11D3-BF4B-00C04F79EFBC}") = "Assembly-CSharp", "Assembly-CSharp.csproj", "{0637F3B1-630B-8895-30F3-B1559F979C69}"
EndProject
Project("{FAE04EC0-301F-11D3-BF4B-00C04F79EFBC}") = "Oculus.VR", "Oculus.VR.csproj", "{D9FC296E-6264-F21B-57AB-A55981BCE8E9}"
EndProject
Project("{FAE04EC0-301F-11D3-BF4B-00C04F79EFBC}") = "Assembly-CSharp-Editor", "Assembly-CSharp-Editor.csproj", "{AF7D9910-2856-6F6E-A4C9-67FE8324F401}"
EndProject
Project("{FAE04EC0-301F-11D3-BF4B-00C04F79EFBC}") = "Oculus.VR.Scripts.Editor", "Oculus.VR.Scripts.Editor.csproj", "{C4A6C695-4BFD-DDEF-3593-3AD6F559DF3B}"
EndProject
Project("{FAE04EC0-301F-11D3-BF4B-00C04F79EFBC}") = "Oculus.VR.Editor", "Oculus.VR.Editor.csproj", "{FFF8DE27-04F6-7B2B-13E6-49939103977C}"
EndProject
Global
	GlobalSection(SolutionConfigurationPlatforms) = preSolution
		Debug|Any CPU = Debug|Any CPU
		Release|Any CPU = Release|Any CPU
	EndGlobalSection
	GlobalSection(ProjectConfigurationPlatforms) = postSolution
		{0637F3B1-630B-8895-30F3-B1559F979C69}.Debug|Any CPU.ActiveCfg = Debug|Any CPU
		{0637F3B1-630B-8895-30F3-B1559F979C69}.Debug|Any CPU.Build.0 = Debug|Any CPU
		{0637F3B1-630B-8895-30F3-B1559F979C69}.Release|Any CPU.ActiveCfg = Release|Any CPU
		{0637F3B1-630B-8895-30F3-B1559F979C69}.Release|Any CPU.Build.0 = Release|Any CPU
		{D9FC296E-6264-F21B-57AB-A55981BCE8E9}.Debug|Any CPU.ActiveCfg = Debug|Any CPU
		{D9FC296E-6264-F21B-57AB-A55981BCE8E9}.Debug|Any CPU.Build.0 = Debug|Any CPU
		{D9FC296E-6264-F21B-57AB-A55981BCE8E9}.Release|Any CPU.ActiveCfg = Release|Any CPU
		{D9FC296E-6264-F21B-57AB-A55981BCE8E9}.Release|Any CPU.Build.0 = Release|Any CPU
		{AF7D9910-2856-6F6E-A4C9-67FE8324F401}.Debug|Any CPU.ActiveCfg = Debug|Any CPU
		{AF7D9910-2856-6F6E-A4C9-67FE8324F401}.Debug|Any CPU.Build.0 = Debug|Any CPU
		{AF7D9910-2856-6F6E-A4C9-67FE8324F401}.Release|Any CPU.ActiveCfg = Release|Any CPU
		{AF7D9910-2856-6F6E-A4C9-67FE8324F401}.Release|Any CPU.Build.0 = Release|Any CPU
		{C4A6C695-4BFD-DDEF-3593-3AD6F559DF3B}.Debug|Any CPU.ActiveCfg = Debug|Any CPU
		{C4A6C695-4BFD-DDEF-3593-3AD6F559DF3B}.Debug|Any CPU.Build.0 = Debug|Any CPU
		{C4A6C695-4BFD-DDEF-3593-3AD6F559DF3B}.Release|Any CPU.ActiveCfg = Release|Any CPU
		{C4A6C695-4BFD-DDEF-3593-3AD6F559DF3B}.Release|Any CPU.Build.0 = Release|Any CPU
		{FFF8DE27-04F6-7B2B-13E6-49939103977C}.Debug|Any CPU.ActiveCfg = Debug|Any CPU
		{FFF8DE27-04F6-7B2B-13E6-49939103977C}.Debug|Any CPU.Build.0 = Debug|Any CPU
		{FFF8DE27-04F6-7B2B-13E6-49939103977C}.Release|Any CPU.ActiveCfg = Release|Any CPU
		{FFF8DE27-04F6-7B2B-13E6-49939103977C}.Release|Any CPU.Build.0 = Release|Any CPU
	EndGlobalSection
	GlobalSection(SolutionProperties) = preSolution
		HideSolutionNode = FALSE
	EndGlobalSection
	GlobalSection(MonoDevelopProperties) = preSolution
		StartupItem = Assembly-CSharp.csproj
	EndGlobalSection
EndGlobal
